
Microsoft Visual Studio Solution File, Format Version 12.00
# Visual Studio Version 17
VisualStudioVersion = 17.12.35323.107
MinimumVisualStudioVersion = 10.0.40219.1
Project("{FAE04EC0-301F-11D3-BF4B-00C04F79EFBC}") = "NGINX-Service-Wrapper", "NGINX-Service-Wrapper.csproj", "{FB4F014E-5A32-4644-A04C-90C26FF58D82}"
EndProject
Global
	GlobalSection(SolutionConfigurationPlatforms) = preSolution
		Debug|Any CPU = Debug|Any CPU
		Release|Any CPU = Release|Any CPU
	EndGlobalSection
	GlobalSection(ProjectConfigurationPlatforms) = postSolution
		{FB4F014E-5A32-4644-A04C-90C26FF58D82}.Debug|Any CPU.ActiveCfg = Debug|Any CPU
		{FB4F014E-5A32-4644-A04C-90C26FF58D82}.Debug|Any CPU.Build.0 = Debug|Any CPU
		{FB4F014E-5A32-4644-A04C-90C26FF58D82}.Release|Any CPU.ActiveCfg = Release|Any CPU
		{FB4F014E-5A32-4644-A04C-90C26FF58D82}.Release|Any CPU.Build.0 = Release|Any CPU
	EndGlobalSection
	GlobalSection(SolutionProperties) = preSolution
		HideSolutionNode = FALSE
	EndGlobalSection
	GlobalSection(ExtensibilityGlobals) = postSolution
		SolutionGuid = {049613A6-0F28-4680-9638-D0C3124C3252}
	EndGlobalSection
EndGlobal
